
Microsoft Visual Studio Solution File, Format Version 12.00
# Visual Studio Version 17
VisualStudioVersion = 17.11.35312.102
MinimumVisualStudioVersion = 10.0.40219.1
Project("{FAE04EC0-301F-11D3-BF4B-00C04F79EFBC}") = "KartverketGruppe5", "KartverketGruppe5.csproj", "{45B65B8F-9BF7-4F97-8A1F-9902ADFD9609}"
EndProject
Global
	GlobalSection(SolutionConfigurationPlatforms) = preSolution
		Debug|Any CPU = Debug|Any CPU
		Release|Any CPU = Release|Any CPU
	EndGlobalSection
	GlobalSection(ProjectConfigurationPlatforms) = postSolution
		{45B65B8F-9BF7-4F97-8A1F-9902ADFD9609}.Debug|Any CPU.ActiveCfg = Debug|Any CPU
		{45B65B8F-9BF7-4F97-8A1F-9902ADFD9609}.Debug|Any CPU.Build.0 = Debug|Any CPU
		{45B65B8F-9BF7-4F97-8A1F-9902ADFD9609}.Release|Any CPU.ActiveCfg = Release|Any CPU
		{45B65B8F-9BF7-4F97-8A1F-9902ADFD9609}.Release|Any CPU.Build.0 = Release|Any CPU
	EndGlobalSection
	GlobalSection(SolutionProperties) = preSolution
		HideSolutionNode = FALSE
	EndGlobalSection
	GlobalSection(ExtensibilityGlobals) = postSolution
		SolutionGuid = {E2113DC3-5D20-4230-98A8-BB500AE6C618}
	EndGlobalSection
EndGlobal
